{
    "_meta": {
        "hash": {
            "sha256": "b091e291bb7c6b3eb8e13f2b88fcc9ac769cb01bcf8b4ab6280da047c647d571"
        },
        "pipfile-spec": 6,
        "requires": {
            "python_version": "3.7"
        },
        "sources": [
            {
                "name": "pypi",
                "url": "https://pypi.org/simple",
                "verify_ssl": true
            }
        ]
    },
    "default": {
        "python-vlc": {
            "hashes": [
                "sha256:821bca0dbe08fbff97a65e56ff2318ad7d499330876579c39f01f3fb38c7b679",
                "sha256:f62987571cf3d58adfc5b2c0adab679f96dcce76e8096d14cc56abd4c3d3527b"
            ],
            "index": "pypi",
            "version": "==3.0.7110"
        }
    },
    "develop": {
        "rope": {
            "hashes": [
                "sha256:52423a7eebb5306a6d63bdc91a7c657db51ac9babfb8341c9a1440831ecf3203",
                "sha256:ae1fa2fd56f64f4cc9be46493ce54bed0dd12dee03980c61a4393d89d84029ad",
                "sha256:d2830142c2e046f5fc26a022fe680675b6f48f81c7fc1f03a950706e746e9dfe"
            ],
            "index": "pypi",
            "version": "==0.16.0"
        }
    }
}
