{
    "_meta": {
        "hash": {
            "sha256": "adefae734e1bd87172851c1785baae52bf4aba59aaf42383e757cf8be7f29f64"
        },
        "pipfile-spec": 6,
        "requires": {
            "python_version": "3.7"
        },
        "sources": [
            {
                "name": "pypi",
                "url": "https://pypi.org/simple",
                "verify_ssl": true
            }
        ]
    },
    "default": {
        "pysubs2": {
            "hashes": [
                "sha256:07f9bb5da0efe8238b88c9ee35cc42ad8c6a3ffc2e4bf8f3bff6d463d02a4b6f",
                "sha256:dc079dc323c8cf886fd604b8f80b464a70b8511f431979db4a93da36dbb9d697"
            ],
            "index": "pypi",
            "version": "==0.2.4"
        },
        "python-vlc": {
            "hashes": [
                "sha256:821bca0dbe08fbff97a65e56ff2318ad7d499330876579c39f01f3fb38c7b679",
                "sha256:f62987571cf3d58adfc5b2c0adab679f96dcce76e8096d14cc56abd4c3d3527b"
            ],
            "index": "pypi",
            "version": "==3.0.7110"
        },
        "tinysegmenter3": {
            "hashes": [
                "sha256:56afb1c899dc419cc0570ed16166fca205e0fcbd811ca53e132023fe77682eea",
                "sha256:704703302fbf95d270791506d0d37d3088e09f58c822aff69497d5415bce6e62"
            ],
            "index": "pypi",
            "version": "==0.1.0"
        }
    },
    "develop": {
        "rope": {
            "hashes": [
                "sha256:52423a7eebb5306a6d63bdc91a7c657db51ac9babfb8341c9a1440831ecf3203",
                "sha256:ae1fa2fd56f64f4cc9be46493ce54bed0dd12dee03980c61a4393d89d84029ad",
                "sha256:d2830142c2e046f5fc26a022fe680675b6f48f81c7fc1f03a950706e746e9dfe"
            ],
            "index": "pypi",
            "version": "==0.16.0"
        }
    }
}
